
Microsoft Visual Studio Solution File, Format Version 12.00
# Visual Studio Version 17
VisualStudioVersion = 17.5.002.0
MinimumVisualStudioVersion = 10.0.40219.1
Project("{9A19103F-16F7-4668-BE54-9A1E7A4F7556}") = "CheckListAPI", "CheckListAPI.csproj", "{35C065D0-4BB3-4E35-896C-0963ABB0E325}"
EndProject
Global
	GlobalSection(SolutionConfigurationPlatforms) = preSolution
		Debug|Any CPU = Debug|Any CPU
		Release|Any CPU = Release|Any CPU
	EndGlobalSection
	GlobalSection(ProjectConfigurationPlatforms) = postSolution
		{35C065D0-4BB3-4E35-896C-0963ABB0E325}.Debug|Any CPU.ActiveCfg = Debug|Any CPU
		{35C065D0-4BB3-4E35-896C-0963ABB0E325}.Debug|Any CPU.Build.0 = Debug|Any CPU
		{35C065D0-4BB3-4E35-896C-0963ABB0E325}.Release|Any CPU.ActiveCfg = Release|Any CPU
		{35C065D0-4BB3-4E35-896C-0963ABB0E325}.Release|Any CPU.Build.0 = Release|Any CPU
	EndGlobalSection
	GlobalSection(SolutionProperties) = preSolution
		HideSolutionNode = FALSE
	EndGlobalSection
	GlobalSection(ExtensibilityGlobals) = postSolution
		SolutionGuid = {03B6E3CE-BC4B-4750-AD88-FB7535338825}
	EndGlobalSection
EndGlobal
